
Microsoft Visual Studio Solution File, Format Version 12.00
# Visual Studio Version 18
VisualStudioVersion = 18.3.11408.92 d18.3
MinimumVisualStudioVersion = 10.0.40219.1
Project("{FAE04EC0-301F-11D3-BF4B-00C04F79EFBC}") = "SimpleBlog.API", "SimpleBlog.API\SimpleBlog.API.csproj", "{0ECAD95D-1E29-4A64-A42B-F8A7CC4AEAEA}"
EndProject
Project("{FAE04EC0-301F-11D3-BF4B-00C04F79EFBC}") = "SimpleBlog.Service", "SimpleBlog.Service\SimpleBlog.Service.csproj", "{2C83F018-0838-46FF-9004-443436468A61}"
EndProject
Project("{FAE04EC0-301F-11D3-BF4B-00C04F79EFBC}") = "SimpleBlog.Repository", "SimpleBlog.Repository\SimpleBlog.Repository.csproj", "{F1ED7B27-7E2C-4055-94BE-88F6B8AB5FB8}"
EndProject
Project("{FAE04EC0-301F-11D3-BF4B-00C04F79EFBC}") = "SimpleBlog.Domain", "SimpleBlog.Domain\SimpleBlog.Domain.csproj", "{D3FAE969-6022-41A6-BDA6-7A3B48044D2A}"
EndProject
Project("{FAE04EC0-301F-11D3-BF4B-00C04F79EFBC}") = "SimpleBlog.Dto", "SimpleBlog.Dto\SimpleBlog.Dto.csproj", "{B925C3EE-9A69-4069-B20D-ACABC46E547A}"
EndProject
Global
	GlobalSection(SolutionConfigurationPlatforms) = preSolution
		Debug|Any CPU = Debug|Any CPU
		Release|Any CPU = Release|Any CPU
	EndGlobalSection
	GlobalSection(ProjectConfigurationPlatforms) = postSolution
		{0ECAD95D-1E29-4A64-A42B-F8A7CC4AEAEA}.Debug|Any CPU.ActiveCfg = Debug|Any CPU
		{0ECAD95D-1E29-4A64-A42B-F8A7CC4AEAEA}.Debug|Any CPU.Build.0 = Debug|Any CPU
		{0ECAD95D-1E29-4A64-A42B-F8A7CC4AEAEA}.Release|Any CPU.ActiveCfg = Release|Any CPU
		{0ECAD95D-1E29-4A64-A42B-F8A7CC4AEAEA}.Release|Any CPU.Build.0 = Release|Any CPU
		{2C83F018-0838-46FF-9004-443436468A61}.Debug|Any CPU.ActiveCfg = Debug|Any CPU
		{2C83F018-0838-46FF-9004-443436468A61}.Debug|Any CPU.Build.0 = Debug|Any CPU
		{2C83F018-0838-46FF-9004-443436468A61}.Release|Any CPU.ActiveCfg = Release|Any CPU
		{2C83F018-0838-46FF-9004-443436468A61}.Release|Any CPU.Build.0 = Release|Any CPU
		{F1ED7B27-7E2C-4055-94BE-88F6B8AB5FB8}.Debug|Any CPU.ActiveCfg = Debug|Any CPU
		{F1ED7B27-7E2C-4055-94BE-88F6B8AB5FB8}.Debug|Any CPU.Build.0 = Debug|Any CPU
		{F1ED7B27-7E2C-4055-94BE-88F6B8AB5FB8}.Release|Any CPU.ActiveCfg = Release|Any CPU
		{F1ED7B27-7E2C-4055-94BE-88F6B8AB5FB8}.Release|Any CPU.Build.0 = Release|Any CPU
		{D3FAE969-6022-41A6-BDA6-7A3B48044D2A}.Debug|Any CPU.ActiveCfg = Debug|Any CPU
		{D3FAE969-6022-41A6-BDA6-7A3B48044D2A}.Debug|Any CPU.Build.0 = Debug|Any CPU
		{D3FAE969-6022-41A6-BDA6-7A3B48044D2A}.Release|Any CPU.ActiveCfg = Release|Any CPU
		{D3FAE969-6022-41A6-BDA6-7A3B48044D2A}.Release|Any CPU.Build.0 = Release|Any CPU
		{B925C3EE-9A69-4069-B20D-ACABC46E547A}.Debug|Any CPU.ActiveCfg = Debug|Any CPU
		{B925C3EE-9A69-4069-B20D-ACABC46E547A}.Debug|Any CPU.Build.0 = Debug|Any CPU
		{B925C3EE-9A69-4069-B20D-ACABC46E547A}.Release|Any CPU.ActiveCfg = Release|Any CPU
		{B925C3EE-9A69-4069-B20D-ACABC46E547A}.Release|Any CPU.Build.0 = Release|Any CPU
	EndGlobalSection
	GlobalSection(SolutionProperties) = preSolution
		HideSolutionNode = FALSE
	EndGlobalSection
	GlobalSection(ExtensibilityGlobals) = postSolution
		SolutionGuid = {C499A7C4-A7BA-4B49-A393-29BFB130FE4B}
	EndGlobalSection
EndGlobal
